// !$*UTF8*$!
{
	archiveVersion = 1;
	classes = {
	};
	objectVersion = 46;
	objects = {

/* Begin PBXBuildFile section */
		242122291B38FCC800EE8894 /* main.m in Sources */ = {isa = PBXBuildFile; fileRef = 242122281B38FCC800EE8894 /* main.m */; };
		2421222C1B38FCC800EE8894 /* AppDelegate.m in Sources */ = {isa = PBXBuildFile; fileRef = 2421222B1B38FCC800EE8894 /* AppDelegate.m */; };
		2421222F1B38FCC800EE8894 /* ViewController.m in Sources */ = {isa = PBXBuildFile; fileRef = 2421222E1B38FCC800EE8894 /* ViewController.m */; };
		242122321B38FCC800EE8894 /* Main.storyboard in Resources */ = {isa = PBXBuildFile; fileRef = 242122301B38FCC800EE8894 /* Main.storyboard */; };
		242122341B38FCC800EE8894 /* Images.xcassets in Resources */ = {isa = PBXBuildFile; fileRef = 242122331B38FCC800EE8894 /* Images.xcassets */; };
		242122371B38FCC800EE8894 /* LaunchScreen.xib in Resources */ = {isa = PBXBuildFile; fileRef = 242122351B38FCC800EE8894 /* LaunchScreen.xib */; };
		242122431B38FCC800EE8894 /* __23_UITests.m in Sources */ = {isa = PBXBuildFile; fileRef = 242122421B38FCC800EE8894 /* __23_UITests.m */; };
		2421224E1B392CA900EE8894 /* NetWorkingManager.m in Sources */ = {isa = PBXBuildFile; fileRef = 2421224D1B392CA900EE8894 /* NetWorkingManager.m */; };
		242122511B3943BD00EE8894 /* Manager.m in Sources */ = {isa = PBXBuildFile; fileRef = 242122501B3943BD00EE8894 /* Manager.m */; };
/* End PBXBuildFile section */

/* Begin PBXContainerItemProxy section */
		2421223D1B38FCC800EE8894 /* PBXContainerItemProxy */ = {
			isa = PBXContainerItemProxy;
			containerPortal = 2421221B1B38FCC800EE8894 /* Project object */;
			proxyType = 1;
			remoteGlobalIDString = 242122221B38FCC800EE8894;
			remoteInfo = 6.23.UI;
		};
/* End PBXContainerItemProxy section */

/* Begin PBXFileReference section */
		242122231B38FCC800EE8894 /* 6.23.UI.app */ = {isa = PBXFileReference; explicitFileType = wrapper.application; includeInIndex = 0; path = 6.23.UI.app; sourceTree = BUILT_PRODUCTS_DIR; };
		242122271B38FCC800EE8894 /* Info.plist */ = {isa = PBXFileReference; lastKnownFileType = text.plist.xml; path = Info.plist; sourceTree = "<group>"; };
		242122281B38FCC800EE8894 /* main.m */ = {isa = PBXFileReference; lastKnownFileType = sourcecode.c.objc; path = main.m; sourceTree = "<group>"; };
		2421222A1B38FCC800EE8894 /* AppDelegate.h */ = {isa = PBXFileReference; lastKnownFileType = sourcecode.c.h; path = AppDelegate.h; sourceTree = "<group>"; };
		2421222B1B38FCC800EE8894 /* AppDelegate.m */ = {isa = PBXFileReference; lastKnownFileType = sourcecode.c.objc; path = AppDelegate.m; sourceTree = "<group>"; };
		2421222D1B38FCC800EE8894 /* ViewController.h */ = {isa = PBXFileReference; lastKnownFileType = sourcecode.c.h; path = ViewController.h; sourceTree = "<group>"; };
		2421222E1B38FCC800EE8894 /* ViewController.m */ = {isa = PBXFileReference; lastKnownFileType = sourcecode.c.objc; path = ViewController.m; sourceTree = "<group>"; };
		242122311B38FCC800EE8894 /* Base */ = {isa = PBXFileReference; lastKnownFileType = file.storyboard; name = Base; path = Base.lproj/Main.storyboard; sourceTree = "<group>"; };
		242122331B38FCC800EE8894 /* Images.xcassets */ = {isa = PBXFileReference; lastKnownFileType = folder.assetcatalog; path = Images.xcassets; sourceTree = "<group>"; };
		242122361B38FCC800EE8894 /* Base */ = {isa = PBXFileReference; lastKnownFileType = file.xib; name = Base; path = Base.lproj/LaunchScreen.xib; sourceTree = "<group>"; };
		2421223C1B38FCC800EE8894 /* 6.23.UITests.xctest */ = {isa = PBXFileReference; explicitFileType = wrapper.cfbundle; includeInIndex = 0; path = 6.23.UITests.xctest; sourceTree = BUILT_PRODUCTS_DIR; };
		242122411B38FCC800EE8894 /* Info.plist */ = {isa = PBXFileReference; lastKnownFileType = text.plist.xml; path = Info.plist; sourceTree = "<group>"; };
		242122421B38FCC800EE8894 /* __23_UITests.m */ = {isa = PBXFileReference; lastKnownFileType = sourcecode.c.objc; path = __23_UITests.m; sourceTree = "<group>"; };
		2421224C1B392CA900EE8894 /* NetWorkingManager.h */ = {isa = PBXFileReference; fileEncoding = 4; lastKnownFileType = sourcecode.c.h; path = NetWorkingManager.h; sourceTree = "<group>"; };
		2421224D1B392CA900EE8894 /* NetWorkingManager.m */ = {isa = PBXFileReference; fileEncoding = 4; lastKnownFileType = sourcecode.c.objc; path = NetWorkingManager.m; sourceTree = "<group>"; };
		2421224F1B3943BD00EE8894 /* Manager.h */ = {isa = PBXFileReference; fileEncoding = 4; lastKnownFileType = sourcecode.c.h; path = Manager.h; sourceTree = "<group>"; };
		242122501B3943BD00EE8894 /* Manager.m */ = {isa = PBXFileReference; fileEncoding = 4; lastKnownFileType = sourcecode.c.objc; path = Manager.m; sourceTree = "<group>"; };
/* End PBXFileReference section */

/* Begin PBXFrameworksBuildPhase section */
		242122201B38FCC800EE8894 /* Frameworks */ = {
			isa = PBXFrameworksBuildPhase;
			buildActionMask = 2147483647;
			files = (
			);
			runOnlyForDeploymentPostprocessing = 0;
		};
		242122391B38FCC800EE8894 /* Frameworks */ = {
			isa = PBXFrameworksBuildPhase;
			buildActionMask = 2147483647;
			files = (
			);
			runOnlyForDeploymentPostprocessing = 0;
		};
/* End PBXFrameworksBuildPhase section */

/* Begin PBXGroup section */
		2421221A1B38FCC800EE8894 = {
			isa = PBXGroup;
			children = (
				242122251B38FCC800EE8894 /* 6.23.UI */,
				2421223F1B38FCC800EE8894 /* 6.23.UITests */,
				242122241B38FCC800EE8894 /* Products */,
			);
			sourceTree = "<group>";
		};
		242122241B38FCC800EE8894 /* Products */ = {
			isa = PBXGroup;
			children = (
				242122231B38FCC800EE8894 /* 6.23.UI.app */,
				2421223C1B38FCC800EE8894 /* 6.23.UITests.xctest */,
			);
			name = Products;
			sourceTree = "<group>";
		};
		242122251B38FCC800EE8894 /* 6.23.UI */ = {
			isa = PBXGroup;
			children = (
				2421222A1B38FCC800EE8894 /* AppDelegate.h */,
				2421222B1B38FCC800EE8894 /* AppDelegate.m */,
				2421222D1B38FCC800EE8894 /* ViewController.h */,
				2421222E1B38FCC800EE8894 /* ViewController.m */,
				2421224C1B392CA900EE8894 /* NetWorkingManager.h */,
				2421224D1B392CA900EE8894 /* NetWorkingManager.m */,
				2421224F1B3943BD00EE8894 /* Manager.h */,
				242122501B3943BD00EE8894 /* Manager.m */,
				242122301B38FCC800EE8894 /* Main.storyboard */,
				242122331B38FCC800EE8894 /* Images.xcassets */,
				242122351B38FCC800EE8894 /* LaunchScreen.xib */,
				242122261B38FCC800EE8894 /* Supporting Files */,
			);
			path = 6.23.UI;
			sourceTree = "<group>";
		};
		242122261B38FCC800EE8894 /* Supporting Files */ = {
			isa = PBXGroup;
			children = (
				242122271B38FCC800EE8894 /* Info.plist */,
				242122281B38FCC800EE8894 /* main.m */,
			);
			name = "Supporting Files";
			sourceTree = "<group>";
		};
		2421223F1B38FCC800EE8894 /* 6.23.UITests */ = {
			isa = PBXGroup;
			children = (
				242122421B38FCC800EE8894 /* __23_UITests.m */,
				242122401B38FCC800EE8894 /* Supporting Files */,
			);
			path = 6.23.UITests;
			sourceTree = "<group>";
		};
		242122401B38FCC800EE8894 /* Supporting Files */ = {
			isa = PBXGroup;
			children = (
				242122411B38FCC800EE8894 /* Info.plist */,
			);
			name = "Supporting Files";
			sourceTree = "<group>";
		};
/* End PBXGroup section */

/* Begin PBXNativeTarget section */
		242122221B38FCC800EE8894 /* 6.23.UI */ = {
			isa = PBXNativeTarget;
			buildConfigurationList = 242122461B38FCC800EE8894 /* Build configuration list for PBXNativeTarget "6.23.UI" */;
			buildPhases = (
				2421221F1B38FCC800EE8894 /* Sources */,
				242122201B38FCC800EE8894 /* Frameworks */,
				242122211B38FCC800EE8894 /* Resources */,
			);
			buildRules = (
			);
			dependencies = (
			);
			name = 6.23.UI;
			productName = 6.23.UI;
			productReference = 242122231B38FCC800EE8894 /* 6.23.UI.app */;
			productType = "com.apple.product-type.application";
		};
		2421223B1B38FCC800EE8894 /* 6.23.UITests */ = {
			isa = PBXNativeTarget;
			buildConfigurationList = 242122491B38FCC800EE8894 /* Build configuration list for PBXNativeTarget "6.23.UITests" */;
			buildPhases = (
				242122381B38FCC800EE8894 /* Sources */,
				242122391B38FCC800EE8894 /* Frameworks */,
				2421223A1B38FCC800EE8894 /* Resources */,
			);
			buildRules = (
			);
			dependencies = (
				2421223E1B38FCC800EE8894 /* PBXTargetDependency */,
			);
			name = 6.23.UITests;
			productName = 6.23.UITests;
			productReference = 2421223C1B38FCC800EE8894 /* 6.23.UITests.xctest */;
			productType = "com.apple.product-type.bundle.unit-test";
		};
/* End PBXNativeTarget section */

/* Begin PBXProject section */
		2421221B1B38FCC800EE8894 /* Project object */ = {
			isa = PBXProject;
			attributes = {
				LastUpgradeCheck = 0630;
				ORGANIZATIONNAME = rectinajh;
				TargetAttributes = {
					242122221B38FCC800EE8894 = {
						CreatedOnToolsVersion = 6.3;
					};
					2421223B1B38FCC800EE8894 = {
						CreatedOnToolsVersion = 6.3;
						TestTargetID = 242122221B38FCC800EE8894;
					};
				};
			};
			buildConfigurationList = 2421221E1B38FCC800EE8894 /* Build configuration list for PBXProject "6.23.UI" */;
			compatibilityVersion = "Xcode 3.2";
			developmentRegion = English;
			hasScannedForEncodings = 0;
			knownRegions = (
				en,
				Base,
			);
			mainGroup = 2421221A1B38FCC800EE8894;
			productRefGroup = 242122241B38FCC800EE8894 /* Products */;
			projectDirPath = "";
			projectRoot = "";
			targets = (
				242122221B38FCC800EE8894 /* 6.23.UI */,
				2421223B1B38FCC800EE8894 /* 6.23.UITests */,
			);
		};
/* End PBXProject section */

/* Begin PBXResourcesBuildPhase section */
		242122211B38FCC800EE8894 /* Resources */ = {
			isa = PBXResourcesBuildPhase;
			buildActionMask = 2147483647;
			files = (
				242122321B38FCC800EE8894 /* Main.storyboard in Resources */,
				242122371B38FCC800EE8894 /* LaunchScreen.xib in Resources */,
				242122341B38FCC800EE8894 /* Images.xcassets in Resources */,
			);
			runOnlyForDeploymentPostprocessing = 0;
		};
		2421223A1B38FCC800EE8894 /* Resources */ = {
			isa = PBXResourcesBuildPhase;
			buildActionMask = 2147483647;
			files = (
			);
			runOnlyForDeploymentPostprocessing = 0;
		};
/* End PBXResourcesBuildPhase section */

/* Begin PBXSourcesBuildPhase section */
		2421221F1B38FCC800EE8894 /* Sources */ = {
			isa = PBXSourcesBuildPhase;
			buildActionMask = 2147483647;
			files = (
				2421222F1B38FCC800EE8894 /* ViewController.m in Sources */,
				2421224E1B392CA900EE8894 /* NetWorkingManager.m in Sources */,
				2421222C1B38FCC800EE8894 /* AppDelegate.m in Sources */,
				242122511B3943BD00EE8894 /* Manager.m in Sources */,
				242122291B38FCC800EE8894 /* main.m in Sources */,
			);
			runOnlyForDeploymentPostprocessing = 0;
		};
		242122381B38FCC800EE8894 /* Sources */ = {
			isa = PBXSourcesBuildPhase;
			buildActionMask = 2147483647;
			files = (
				242122431B38FCC800EE8894 /* __23_UITests.m in Sources */,
			);
			runOnlyForDeploymentPostprocessing = 0;
		};
/* End PBXSourcesBuildPhase section */

/* Begin PBXTargetDependency section */
		2421223E1B38FCC800EE8894 /* PBXTargetDependency */ = {
			isa = PBXTargetDependency;
			target = 242122221B38FCC800EE8894 /* 6.23.UI */;
			targetProxy = 2421223D1B38FCC800EE8894 /* PBXContainerItemProxy */;
		};
/* End PBXTargetDependency section */

/* Begin PBXVariantGroup section */
		242122301B38FCC800EE8894 /* Main.storyboard */ = {
			isa = PBXVariantGroup;
			children = (
				242122311B38FCC800EE8894 /* Base */,
			);
			name = Main.storyboard;
			sourceTree = "<group>";
		};
		242122351B38FCC800EE8894 /* LaunchScreen.xib */ = {
			isa = PBXVariantGroup;
			children = (
				242122361B38FCC800EE8894 /* Base */,
			);
			name = LaunchScreen.xib;
			sourceTree = "<group>";
		};
/* End PBXVariantGroup section */

/* Begin XCBuildConfiguration section */
		242122441B38FCC800EE8894 /* Debug */ = {
			isa = XCBuildConfiguration;
			buildSettings = {
				ALWAYS_SEARCH_USER_PATHS = NO;
				CLANG_CXX_LANGUAGE_STANDARD = "gnu++0x";
				CLANG_CXX_LIBRARY = "libc++";
				CLANG_ENABLE_MODULES = YES;
				CLANG_ENABLE_OBJC_ARC = YES;
				CLANG_WARN_BOOL_CONVERSION = YES;
				CLANG_WARN_CONSTANT_CONVERSION = YES;
				CLANG_WARN_DIRECT_OBJC_ISA_USAGE = YES_ERROR;
				CLANG_WARN_EMPTY_BODY = YES;
				CLANG_WARN_ENUM_CONVERSION = YES;
				CLANG_WARN_INT_CONVERSION = YES;
				CLANG_WARN_OBJC_ROOT_CLASS = YES_ERROR;
				CLANG_WARN_UNREACHABLE_CODE = YES;
				CLANG_WARN__DUPLICATE_METHOD_MATCH = YES;
				"CODE_SIGN_IDENTITY[sdk=iphoneos*]" = "iPhone Developer";
				COPY_PHASE_STRIP = NO;
				DEBUG_INFORMATION_FORMAT = "dwarf-with-dsym";
				ENABLE_STRICT_OBJC_MSGSEND = YES;
				GCC_C_LANGUAGE_STANDARD = gnu99;
				GCC_DYNAMIC_NO_PIC = NO;
				GCC_NO_COMMON_BLOCKS = YES;
				GCC_OPTIMIZATION_LEVEL = 0;
				GCC_PREPROCESSOR_DEFINITIONS = (
					"DEBUG=1",
					"$(inherited)",
				);
				GCC_SYMBOLS_PRIVATE_EXTERN = NO;
				GCC_WARN_64_TO_32_BIT_CONVERSION = YES;
				GCC_WARN_ABOUT_RETURN_TYPE = YES_ERROR;
				GCC_WARN_UNDECLARED_SELECTOR = YES;
				GCC_WARN_UNINITIALIZED_AUTOS = YES_AGGRESSIVE;
				GCC_WARN_UNUSED_FUNCTION = YES;
				GCC_WARN_UNUSED_VARIABLE = YES;
				IPHONEOS_DEPLOYMENT_TARGET = 8.3;
				MTL_ENABLE_DEBUG_INFO = YES;
				ONLY_ACTIVE_ARCH = YES;
				SDKROOT = iphoneos;
				TARGETED_DEVICE_FAMILY = "1,2";
			};
			name = Debug;
		};
		242122451B38FCC800EE8894 /* Release */ = {
			isa = XCBuildConfiguration;
			buildSettings = {
				ALWAYS_SEARCH_USER_PATHS = NO;
				CLANG_CXX_LANGUAGE_STANDARD = "gnu++0x";
				CLANG_CXX_LIBRARY = "libc++";
				CLANG_ENABLE_MODULES = YES;
				CLANG_ENABLE_OBJC_ARC = YES;
				CLANG_WARN_BOOL_CONVERSION = YES;
				CLANG_WARN_CONSTANT_CONVERSION = YES;
				CLANG_WARN_DIRECT_OBJC_ISA_USAGE = YES_ERROR;
				CLANG_WARN_EMPTY_BODY = YES;
				CLANG_WARN_ENUM_CONVERSION = YES;
				CLANG_WARN_INT_CONVERSION = YES;
				CLANG_WARN_OBJC_ROOT_CLASS = YES_ERROR;
				CLANG_WARN_UNREACHABLE_CODE = YES;
				CLANG_WARN__DUPLICATE_METHOD_MATCH = YES;
				"CODE_SIGN_IDENTITY[sdk=iphoneos*]" = "iPhone Developer";
				COPY_PHASE_STRIP = NO;
				DEBUG_INFORMATION_FORMAT = "dwarf-with-dsym";
				ENABLE_NS_ASSERTIONS = NO;
				ENABLE_STRICT_OBJC_MSGSEND = YES;
				GCC_C_LANGUAGE_STANDARD = gnu99;
				GCC_NO_COMMON_BLOCKS = YES;
				GCC_WARN_64_TO_32_BIT_CONVERSION = YES;
				GCC_WARN_ABOUT_RETURN_TYPE = YES_ERROR;
				GCC_WARN_UNDECLARED_SELECTOR = YES;
				GCC_WARN_UNINITIALIZED_AUTOS = YES_AGGRESSIVE;
				GCC_WARN_UNUSED_FUNCTION = YES;
				GCC_WARN_UNUSED_VARIABLE = YES;
				IPHONEOS_DEPLOYMENT_TARGET = 8.3;
				MTL_ENABLE_DEBUG_INFO = NO;
				SDKROOT = iphoneos;
				TARGETED_DEVICE_FAMILY = "1,2";
				VALIDATE_PRODUCT = YES;
			};
			name = Release;
		};
		242122471B38FCC800EE8894 /* Debug */ = {
			isa = XCBuildConfiguration;
			buildSettings = {
				ASSETCATALOG_COMPILER_APPICON_NAME = AppIcon;
				INFOPLIST_FILE = 6.23.UI/Info.plist;
				LD_RUNPATH_SEARCH_PATHS = "$(inherited) @executable_path/Frameworks";
				PRODUCT_NAME = "$(TARGET_NAME)";
			};
			name = Debug;
		};
		242122481B38FCC800EE8894 /* Release */ = {
			isa = XCBuildConfiguration;
			buildSettings = {
				ASSETCATALOG_COMPILER_APPICON_NAME = AppIcon;
				INFOPLIST_FILE = 6.23.UI/Info.plist;
				LD_RUNPATH_SEARCH_PATHS = "$(inherited) @executable_path/Frameworks";
				PRODUCT_NAME = "$(TARGET_NAME)";
			};
			name = Release;
		};
		2421224A1B38FCC800EE8894 /* Debug */ = {
			isa = XCBuildConfiguration;
			buildSettings = {
				BUNDLE_LOADER = "$(TEST_HOST)";
				FRAMEWORK_SEARCH_PATHS = (
					"$(SDKROOT)/Developer/Library/Frameworks",
					"$(inherited)",
				);
				GCC_PREPROCESSOR_DEFINITIONS = (
					"DEBUG=1",
					"$(inherited)",
				);
				INFOPLIST_FILE = 6.23.UITests/Info.plist;
				LD_RUNPATH_SEARCH_PATHS = "$(inherited) @executable_path/Frameworks @loader_path/Frameworks";
				PRODUCT_NAME = "$(TARGET_NAME)";
				TEST_HOST = "$(BUILT_PRODUCTS_DIR)/6.23.UI.app/6.23.UI";
			};
			name = Debug;
		};
		2421224B1B38FCC800EE8894 /* Release */ = {
			isa = XCBuildConfiguration;
			buildSettings = {
				BUNDLE_LOADER = "$(TEST_HOST)";
				FRAMEWORK_SEARCH_PATHS = (
					"$(SDKROOT)/Developer/Library/Frameworks",
					"$(inherited)",
				);
				INFOPLIST_FILE = 6.23.UITests/Info.plist;
				LD_RUNPATH_SEARCH_PATHS = "$(inherited) @executable_path/Frameworks @loader_path/Frameworks";
				PRODUCT_NAME = "$(TARGET_NAME)";
				TEST_HOST = "$(BUILT_PRODUCTS_DIR)/6.23.UI.app/6.23.UI";
			};
			name = Release;
		};
/* End XCBuildConfiguration section */

/* Begin XCConfigurationList section */
		2421221E1B38FCC800EE8894 /* Build configuration list for PBXProject "6.23.UI" */ = {
			isa = XCConfigurationList;
			buildConfigurations = (
				242122441B38FCC800EE8894 /* Debug */,
				242122451B38FCC800EE8894 /* Release */,
			);
			defaultConfigurationIsVisible = 0;
			defaultConfigurationName = Release;
		};
		242122461B38FCC800EE8894 /* Build configuration list for PBXNativeTarget "6.23.UI" */ = {
			isa = XCConfigurationList;
			buildConfigurations = (
				242122471B38FCC800EE8894 /* Debug */,
				242122481B38FCC800EE8894 /* Release */,
			);
			defaultConfigurationIsVisible = 0;
		};
		242122491B38FCC800EE8894 /* Build configuration list for PBXNativeTarget "6.23.UITests" */ = {
			isa = XCConfigurationList;
			buildConfigurations = (
				2421224A1B38FCC800EE8894 /* Debug */,
				2421224B1B38FCC800EE8894 /* Release */,
			);
			defaultConfigurationIsVisible = 0;
		};
/* End XCConfigurationList section */
	};
	rootObject = 2421221B1B38FCC800EE8894 /* Project object */;
}
